// !$*UTF8*$!
{
	archiveVersion = 1;
	classes = {
	};
	objectVersion = 50;
	objects = {

/* Begin PBXBuildFile section */
		3014C2F3F505EF98D5B497D6 /* Pods_6thSolution.framework in Frameworks */ = {isa = PBXBuildFile; fileRef = A8FABC9E1611F87C76FFBEE7 /* Pods_6thSolution.framework */; };
		43C8D45C2175E165005A93FD /* AppDelegate.swift in Sources */ = {isa = PBXBuildFile; fileRef = 43C8D45B2175E165005A93FD /* AppDelegate.swift */; };
		43C8D45E2175E165005A93FD /* ViewController.swift in Sources */ = {isa = PBXBuildFile; fileRef = 43C8D45D2175E165005A93FD /* ViewController.swift */; };
		43C8D4612175E165005A93FD /* Main.storyboard in Resources */ = {isa = PBXBuildFile; fileRef = 43C8D45F2175E165005A93FD /* Main.storyboard */; };
		43C8D4632175E166005A93FD /* Assets.xcassets in Resources */ = {isa = PBXBuildFile; fileRef = 43C8D4622175E166005A93FD /* Assets.xcassets */; };
		43C8D4662175E166005A93FD /* LaunchScreen.storyboard in Resources */ = {isa = PBXBuildFile; fileRef = 43C8D4642175E166005A93FD /* LaunchScreen.storyboard */; };
/* End PBXBuildFile section */

/* Begin PBXFileReference section */
		28C2F352D3BD5C771870B8B6 /* Pods-6thSolution.release.xcconfig */ = {isa = PBXFileReference; includeInIndex = 1; lastKnownFileType = text.xcconfig; name = "Pods-6thSolution.release.xcconfig"; path = "Pods/Target Support Files/Pods-6thSolution/Pods-6thSolution.release.xcconfig"; sourceTree = "<group>"; };
		43C8D4582175E165005A93FD /* 6thSolution.app */ = {isa = PBXFileReference; explicitFileType = wrapper.application; includeInIndex = 0; path = 6thSolution.app; sourceTree = BUILT_PRODUCTS_DIR; };
		43C8D45B2175E165005A93FD /* AppDelegate.swift */ = {isa = PBXFileReference; lastKnownFileType = sourcecode.swift; path = AppDelegate.swift; sourceTree = "<group>"; };
		43C8D45D2175E165005A93FD /* ViewController.swift */ = {isa = PBXFileReference; lastKnownFileType = sourcecode.swift; path = ViewController.swift; sourceTree = "<group>"; };
		43C8D4602175E165005A93FD /* Base */ = {isa = PBXFileReference; lastKnownFileType = file.storyboard; name = Base; path = Base.lproj/Main.storyboard; sourceTree = "<group>"; };
		43C8D4622175E166005A93FD /* Assets.xcassets */ = {isa = PBXFileReference; lastKnownFileType = folder.assetcatalog; path = Assets.xcassets; sourceTree = "<group>"; };
		43C8D4652175E166005A93FD /* Base */ = {isa = PBXFileReference; lastKnownFileType = file.storyboard; name = Base; path = Base.lproj/LaunchScreen.storyboard; sourceTree = "<group>"; };
		43C8D4672175E166005A93FD /* Info.plist */ = {isa = PBXFileReference; lastKnownFileType = text.plist.xml; path = Info.plist; sourceTree = "<group>"; };
		A8FABC9E1611F87C76FFBEE7 /* Pods_6thSolution.framework */ = {isa = PBXFileReference; explicitFileType = wrapper.framework; includeInIndex = 0; path = Pods_6thSolution.framework; sourceTree = BUILT_PRODUCTS_DIR; };
		D1804E62FCA014925DE104B8 /* Pods-6thSolution.debug.xcconfig */ = {isa = PBXFileReference; includeInIndex = 1; lastKnownFileType = text.xcconfig; name = "Pods-6thSolution.debug.xcconfig"; path = "Pods/Target Support Files/Pods-6thSolution/Pods-6thSolution.debug.xcconfig"; sourceTree = "<group>"; };
/* End PBXFileReference section */

/* Begin PBXFrameworksBuildPhase section */
		43C8D4552175E165005A93FD /* Frameworks */ = {
			isa = PBXFrameworksBuildPhase;
			buildActionMask = 2147483647;
			files = (
				3014C2F3F505EF98D5B497D6 /* Pods_6thSolution.framework in Frameworks */,
			);
			runOnlyForDeploymentPostprocessing = 0;
		};
/* End PBXFrameworksBuildPhase section */

/* Begin PBXGroup section */
		11763318157BD64093EA87C5 /* Frameworks */ = {
			isa = PBXGroup;
			children = (
				A8FABC9E1611F87C76FFBEE7 /* Pods_6thSolution.framework */,
			);
			name = Frameworks;
			sourceTree = "<group>";
		};
		43C8D44F2175E165005A93FD = {
			isa = PBXGroup;
			children = (
				43C8D45A2175E165005A93FD /* 6thSolution */,
				43C8D4592175E165005A93FD /* Products */,
				83A724536122F713CBCCCAAB /* Pods */,
				11763318157BD64093EA87C5 /* Frameworks */,
			);
			sourceTree = "<group>";
		};
		43C8D4592175E165005A93FD /* Products */ = {
			isa = PBXGroup;
			children = (
				43C8D4582175E165005A93FD /* 6thSolution.app */,
			);
			name = Products;
			sourceTree = "<group>";
		};
		43C8D45A2175E165005A93FD /* 6thSolution */ = {
			isa = PBXGroup;
			children = (
				43C8D45B2175E165005A93FD /* AppDelegate.swift */,
				43C8D45D2175E165005A93FD /* ViewController.swift */,
				43C8D45F2175E165005A93FD /* Main.storyboard */,
				43C8D4622175E166005A93FD /* Assets.xcassets */,
				43C8D4642175E166005A93FD /* LaunchScreen.storyboard */,
				43C8D4672175E166005A93FD /* Info.plist */,
			);
			path = 6thSolution;
			sourceTree = "<group>";
		};
		83A724536122F713CBCCCAAB /* Pods */ = {
			isa = PBXGroup;
			children = (
				D1804E62FCA014925DE104B8 /* Pods-6thSolution.debug.xcconfig */,
				28C2F352D3BD5C771870B8B6 /* Pods-6thSolution.release.xcconfig */,
			);
			name = Pods;
			sourceTree = "<group>";
		};
/* End PBXGroup section */

/* Begin PBXNativeTarget section */
		43C8D4572175E165005A93FD /* 6thSolution */ = {
			isa = PBXNativeTarget;
			buildConfigurationList = 43C8D46A2175E166005A93FD /* Build configuration list for PBXNativeTarget "6thSolution" */;
			buildPhases = (
				AEBF7EFC8BB9F4DAA3357E85 /* [CP] Check Pods Manifest.lock */,
				43C8D4542175E165005A93FD /* Sources */,
				43C8D4552175E165005A93FD /* Frameworks */,
				43C8D4562175E165005A93FD /* Resources */,
				5B8DFCECAD01B1B8D9684E87 /* [CP] Embed Pods Frameworks */,
			);
			buildRules = (
			);
			dependencies = (
			);
			name = 6thSolution;
			productName = 6thSolution;
			productReference = 43C8D4582175E165005A93FD /* 6thSolution.app */;
			productType = "com.apple.product-type.application";
		};
/* End PBXNativeTarget section */

/* Begin PBXProject section */
		43C8D4502175E165005A93FD /* Project object */ = {
			isa = PBXProject;
			attributes = {
				LastSwiftUpdateCheck = 1010;
				LastUpgradeCheck = 1010;
				ORGANIZATIONNAME = Barsam;
				TargetAttributes = {
					43C8D4572175E165005A93FD = {
						CreatedOnToolsVersion = 10.1;
					};
				};
			};
			buildConfigurationList = 43C8D4532175E165005A93FD /* Build configuration list for PBXProject "6thSolution" */;
			compatibilityVersion = "Xcode 9.3";
			developmentRegion = en;
			hasScannedForEncodings = 0;
			knownRegions = (
				en,
				Base,
			);
			mainGroup = 43C8D44F2175E165005A93FD;
			productRefGroup = 43C8D4592175E165005A93FD /* Products */;
			projectDirPath = "";
			projectRoot = "";
			targets = (
				43C8D4572175E165005A93FD /* 6thSolution */,
			);
		};
/* End PBXProject section */

/* Begin PBXResourcesBuildPhase section */
		43C8D4562175E165005A93FD /* Resources */ = {
			isa = PBXResourcesBuildPhase;
			buildActionMask = 2147483647;
			files = (
				43C8D4662175E166005A93FD /* LaunchScreen.storyboard in Resources */,
				43C8D4632175E166005A93FD /* Assets.xcassets in Resources */,
				43C8D4612175E165005A93FD /* Main.storyboard in Resources */,
			);
			runOnlyForDeploymentPostprocessing = 0;
		};
/* End PBXResourcesBuildPhase section */

/* Begin PBXShellScriptBuildPhase section */
		5B8DFCECAD01B1B8D9684E87 /* [CP] Embed Pods Frameworks */ = {
			isa = PBXShellScriptBuildPhase;
			buildActionMask = 2147483647;
			files = (
			);
			inputPaths = (
				"${SRCROOT}/Pods/Target Support Files/Pods-6thSolution/Pods-6thSolution-frameworks.sh",
				"${BUILT_PRODUCTS_DIR}/RxCocoa/RxCocoa.framework",
				"${BUILT_PRODUCTS_DIR}/RxSwift/RxSwift.framework",
			);
			name = "[CP] Embed Pods Frameworks";
			outputPaths = (
				"${TARGET_BUILD_DIR}/${FRAMEWORKS_FOLDER_PATH}/RxCocoa.framework",
				"${TARGET_BUILD_DIR}/${FRAMEWORKS_FOLDER_PATH}/RxSwift.framework",
			);
			runOnlyForDeploymentPostprocessing = 0;
			shellPath = /bin/sh;
			shellScript = "\"${SRCROOT}/Pods/Target Support Files/Pods-6thSolution/Pods-6thSolution-frameworks.sh\"\n";
			showEnvVarsInLog = 0;
		};
		AEBF7EFC8BB9F4DAA3357E85 /* [CP] Check Pods Manifest.lock */ = {
			isa = PBXShellScriptBuildPhase;
			buildActionMask = 2147483647;
			files = (
			);
			inputPaths = (
				"${PODS_PODFILE_DIR_PATH}/Podfile.lock",
				"${PODS_ROOT}/Manifest.lock",
			);
			name = "[CP] Check Pods Manifest.lock";
			outputPaths = (
				"$(DERIVED_FILE_DIR)/Pods-6thSolution-checkManifestLockResult.txt",
			);
			runOnlyForDeploymentPostprocessing = 0;
			shellPath = /bin/sh;
			shellScript = "diff \"${PODS_PODFILE_DIR_PATH}/Podfile.lock\" \"${PODS_ROOT}/Manifest.lock\" > /dev/null\nif [ $? != 0 ] ; then\n    # print error to STDERR\n    echo \"error: The sandbox is not in sync with the Podfile.lock. Run 'pod install' or update your CocoaPods installation.\" >&2\n    exit 1\nfi\n# This output is used by Xcode 'outputs' to avoid re-running this script phase.\necho \"SUCCESS\" > \"${SCRIPT_OUTPUT_FILE_0}\"\n";
			showEnvVarsInLog = 0;
		};
/* End PBXShellScriptBuildPhase section */

/* Begin PBXSourcesBuildPhase section */
		43C8D4542175E165005A93FD /* Sources */ = {
			isa = PBXSourcesBuildPhase;
			buildActionMask = 2147483647;
			files = (
				43C8D45E2175E165005A93FD /* ViewController.swift in Sources */,
				43C8D45C2175E165005A93FD /* AppDelegate.swift in Sources */,
			);
			runOnlyForDeploymentPostprocessing = 0;
		};
/* End PBXSourcesBuildPhase section */

/* Begin PBXVariantGroup section */
		43C8D45F2175E165005A93FD /* Main.storyboard */ = {
			isa = PBXVariantGroup;
			children = (
				43C8D4602175E165005A93FD /* Base */,
			);
			name = Main.storyboard;
			sourceTree = "<group>";
		};
		43C8D4642175E166005A93FD /* LaunchScreen.storyboard */ = {
			isa = PBXVariantGroup;
			children = (
				43C8D4652175E166005A93FD /* Base */,
			);
			name = LaunchScreen.storyboard;
			sourceTree = "<group>";
		};
/* End PBXVariantGroup section */

/* Begin XCBuildConfiguration section */
		43C8D4682175E166005A93FD /* Debug */ = {
			isa = XCBuildConfiguration;
			buildSettings = {
				ALWAYS_SEARCH_USER_PATHS = NO;
				CLANG_ANALYZER_NONNULL = YES;
				CLANG_ANALYZER_NUMBER_OBJECT_CONVERSION = YES_AGGRESSIVE;
				CLANG_CXX_LANGUAGE_STANDARD = "gnu++14";
				CLANG_CXX_LIBRARY = "libc++";
				CLANG_ENABLE_MODULES = YES;
				CLANG_ENABLE_OBJC_ARC = YES;
				CLANG_ENABLE_OBJC_WEAK = YES;
				CLANG_WARN_BLOCK_CAPTURE_AUTORELEASING = YES;
				CLANG_WARN_BOOL_CONVERSION = YES;
				CLANG_WARN_COMMA = YES;
				CLANG_WARN_CONSTANT_CONVERSION = YES;
				CLANG_WARN_DEPRECATED_OBJC_IMPLEMENTATIONS = YES;
				CLANG_WARN_DIRECT_OBJC_ISA_USAGE = YES_ERROR;
				CLANG_WARN_DOCUMENTATION_COMMENTS = YES;
				CLANG_WARN_EMPTY_BODY = YES;
				CLANG_WARN_ENUM_CONVERSION = YES;
				CLANG_WARN_INFINITE_RECURSION = YES;
				CLANG_WARN_INT_CONVERSION = YES;
				CLANG_WARN_NON_LITERAL_NULL_CONVERSION = YES;
				CLANG_WARN_OBJC_IMPLICIT_RETAIN_SELF = YES;
				CLANG_WARN_OBJC_LITERAL_CONVERSION = YES;
				CLANG_WARN_OBJC_ROOT_CLASS = YES_ERROR;
				CLANG_WARN_RANGE_LOOP_ANALYSIS = YES;
				CLANG_WARN_STRICT_PROTOTYPES = YES;
				CLANG_WARN_SUSPICIOUS_MOVE = YES;
				CLANG_WARN_UNGUARDED_AVAILABILITY = YES_AGGRESSIVE;
				CLANG_WARN_UNREACHABLE_CODE = YES;
				CLANG_WARN__DUPLICATE_METHOD_MATCH = YES;
				CODE_SIGN_IDENTITY = "iPhone Developer";
				COPY_PHASE_STRIP = NO;
				DEBUG_INFORMATION_FORMAT = dwarf;
				ENABLE_STRICT_OBJC_MSGSEND = YES;
				ENABLE_TESTABILITY = YES;
				GCC_C_LANGUAGE_STANDARD = gnu11;
				GCC_DYNAMIC_NO_PIC = NO;
				GCC_NO_COMMON_BLOCKS = YES;
				GCC_OPTIMIZATION_LEVEL = 0;
				GCC_PREPROCESSOR_DEFINITIONS = (
					"DEBUG=1",
					"$(inherited)",
				);
				GCC_WARN_64_TO_32_BIT_CONVERSION = YES;
				GCC_WARN_ABOUT_RETURN_TYPE = YES_ERROR;
				GCC_WARN_UNDECLARED_SELECTOR = YES;
				GCC_WARN_UNINITIALIZED_AUTOS = YES_AGGRESSIVE;
				GCC_WARN_UNUSED_FUNCTION = YES;
				GCC_WARN_UNUSED_VARIABLE = YES;
				IPHONEOS_DEPLOYMENT_TARGET = 12.1;
				MTL_ENABLE_DEBUG_INFO = INCLUDE_SOURCE;
				MTL_FAST_MATH = YES;
				ONLY_ACTIVE_ARCH = YES;
				SDKROOT = iphoneos;
				SWIFT_ACTIVE_COMPILATION_CONDITIONS = DEBUG;
				SWIFT_OPTIMIZATION_LEVEL = "-Onone";
			};
			name = Debug;
		};
		43C8D4692175E166005A93FD /* Release */ = {
			isa = XCBuildConfiguration;
			buildSettings = {
				ALWAYS_SEARCH_USER_PATHS = NO;
				CLANG_ANALYZER_NONNULL = YES;
				CLANG_ANALYZER_NUMBER_OBJECT_CONVERSION = YES_AGGRESSIVE;
				CLANG_CXX_LANGUAGE_STANDARD = "gnu++14";
				CLANG_CXX_LIBRARY = "libc++";
				CLANG_ENABLE_MODULES = YES;
				CLANG_ENABLE_OBJC_ARC = YES;
				CLANG_ENABLE_OBJC_WEAK = YES;
				CLANG_WARN_BLOCK_CAPTURE_AUTORELEASING = YES;
				CLANG_WARN_BOOL_CONVERSION = YES;
				CLANG_WARN_COMMA = YES;
				CLANG_WARN_CONSTANT_CONVERSION = YES;
				CLANG_WARN_DEPRECATED_OBJC_IMPLEMENTATIONS = YES;
				CLANG_WARN_DIRECT_OBJC_ISA_USAGE = YES_ERROR;
				CLANG_WARN_DOCUMENTATION_COMMENTS = YES;
				CLANG_WARN_EMPTY_BODY = YES;
				CLANG_WARN_ENUM_CONVERSION = YES;
				CLANG_WARN_INFINITE_RECURSION = YES;
				CLANG_WARN_INT_CONVERSION = YES;
				CLANG_WARN_NON_LITERAL_NULL_CONVERSION = YES;
				CLANG_WARN_OBJC_IMPLICIT_RETAIN_SELF = YES;
				CLANG_WARN_OBJC_LITERAL_CONVERSION = YES;
				CLANG_WARN_OBJC_ROOT_CLASS = YES_ERROR;
				CLANG_WARN_RANGE_LOOP_ANALYSIS = YES;
				CLANG_WARN_STRICT_PROTOTYPES = YES;
				CLANG_WARN_SUSPICIOUS_MOVE = YES;
				CLANG_WARN_UNGUARDED_AVAILABILITY = YES_AGGRESSIVE;
				CLANG_WARN_UNREACHABLE_CODE = YES;
				CLANG_WARN__DUPLICATE_METHOD_MATCH = YES;
				CODE_SIGN_IDENTITY = "iPhone Developer";
				COPY_PHASE_STRIP = NO;
				DEBUG_INFORMATION_FORMAT = "dwarf-with-dsym";
				ENABLE_NS_ASSERTIONS = NO;
				ENABLE_STRICT_OBJC_MSGSEND = YES;
				GCC_C_LANGUAGE_STANDARD = gnu11;
				GCC_NO_COMMON_BLOCKS = YES;
				GCC_WARN_64_TO_32_BIT_CONVERSION = YES;
				GCC_WARN_ABOUT_RETURN_TYPE = YES_ERROR;
				GCC_WARN_UNDECLARED_SELECTOR = YES;
				GCC_WARN_UNINITIALIZED_AUTOS = YES_AGGRESSIVE;
				GCC_WARN_UNUSED_FUNCTION = YES;
				GCC_WARN_UNUSED_VARIABLE = YES;
				IPHONEOS_DEPLOYMENT_TARGET = 12.1;
				MTL_ENABLE_DEBUG_INFO = NO;
				MTL_FAST_MATH = YES;
				SDKROOT = iphoneos;
				SWIFT_COMPILATION_MODE = wholemodule;
				SWIFT_OPTIMIZATION_LEVEL = "-O";
				VALIDATE_PRODUCT = YES;
			};
			name = Release;
		};
		43C8D46B2175E166005A93FD /* Debug */ = {
			isa = XCBuildConfiguration;
			baseConfigurationReference = D1804E62FCA014925DE104B8 /* Pods-6thSolution.debug.xcconfig */;
			buildSettings = {
				ASSETCATALOG_COMPILER_APPICON_NAME = AppIcon;
				CODE_SIGN_STYLE = Automatic;
				DEVELOPMENT_TEAM = G6F4VU669F;
				INFOPLIST_FILE = 6thSolution/Info.plist;
				IPHONEOS_DEPLOYMENT_TARGET = 12;
				LD_RUNPATH_SEARCH_PATHS = (
					"$(inherited)",
					"@executable_path/Frameworks",
				);
				PRODUCT_BUNDLE_IDENTIFIER = "me.bahrami.projects.-thSolution";
				PRODUCT_NAME = "$(TARGET_NAME)";
				SWIFT_VERSION = 4.2;
				TARGETED_DEVICE_FAMILY = "1,2";
			};
			name = Debug;
		};
		43C8D46C2175E166005A93FD /* Release */ = {
			isa = XCBuildConfiguration;
			baseConfigurationReference = 28C2F352D3BD5C771870B8B6 /* Pods-6thSolution.release.xcconfig */;
			buildSettings = {
				ASSETCATALOG_COMPILER_APPICON_NAME = AppIcon;
				CODE_SIGN_STYLE = Automatic;
				DEVELOPMENT_TEAM = G6F4VU669F;
				INFOPLIST_FILE = 6thSolution/Info.plist;
				IPHONEOS_DEPLOYMENT_TARGET = 12;
				LD_RUNPATH_SEARCH_PATHS = (
					"$(inherited)",
					"@executable_path/Frameworks",
				);
				PRODUCT_BUNDLE_IDENTIFIER = "me.bahrami.projects.-thSolution";
				PRODUCT_NAME = "$(TARGET_NAME)";
				SWIFT_VERSION = 4.2;
				TARGETED_DEVICE_FAMILY = "1,2";
			};
			name = Release;
		};
/* End XCBuildConfiguration section */

/* Begin XCConfigurationList section */
		43C8D4532175E165005A93FD /* Build configuration list for PBXProject "6thSolution" */ = {
			isa = XCConfigurationList;
			buildConfigurations = (
				43C8D4682175E166005A93FD /* Debug */,
				43C8D4692175E166005A93FD /* Release */,
			);
			defaultConfigurationIsVisible = 0;
			defaultConfigurationName = Release;
		};
		43C8D46A2175E166005A93FD /* Build configuration list for PBXNativeTarget "6thSolution" */ = {
			isa = XCConfigurationList;
			buildConfigurations = (
				43C8D46B2175E166005A93FD /* Debug */,
				43C8D46C2175E166005A93FD /* Release */,
			);
			defaultConfigurationIsVisible = 0;
			defaultConfigurationName = Release;
		};
/* End XCConfigurationList section */
	};
	rootObject = 43C8D4502175E165005A93FD /* Project object */;
}
